<?xml version="1.0" encoding="UTF-8" standalone="yes" ?>
<CodeBlocks_project_file>
	<FileVersion major="1" minor="6" />
	<Project>
		<Option title="magdiskmaster" />
		<Option pch_mode="2" />
		<Option compiler="gcc" />
		<Option virtualFolders="include/;" />
		<Build>
			<Target title="Debug">
				<Option output="bin/Debug/magdiskmaster" prefix_auto="1" extension_auto="1" />
				<Option working_dir="bin/Debug" />
				<Option object_output="obj/Debug/" />
				<Option type="1" />
				<Option compiler="gcc" />
				<Option projectLinkerOptionsRelation="1" />
				<Compiler>
					<Add option="-g" />
				</Compiler>
				<Linker>
					<Add library="sfml-system-d" />
					<Add library="sfml-window-d" />
					<Add library="sfml-graphics-d" />
					<Add library="sfml-audio-d" />
				</Linker>
			</Target>
			<Target title="Release">
				<Option output="bin/Release/magdiskmaster" prefix_auto="1" extension_auto="1" />
				<Option working_dir="bin/Release" />
				<Option object_output="obj/Release/" />
				<Option type="1" />
				<Option compiler="gcc" />
				<Compiler>
					<Add option="-O2" />
				</Compiler>
				<Linker>
					<Add option="-s" />
				</Linker>
			</Target>
		</Build>
		<Compiler>
			<Add option="-std=c++11" />
			<Add option="-Wall" />
			<Add directory="/usr/local/include/" />
			<Add directory="include" />
		</Compiler>
		<Linker>
			<Add library="sfml-system" />
			<Add library="sfml-window" />
			<Add library="sfml-graphics" />
			<Add library="sfml-audio" />
			<Add directory="/usr/local/lib/" />
		</Linker>
		<Unit filename="Media/shader.frag" />
		<Unit filename="include/Aircraft.h" />
		<Unit filename="include/Application.h" />
		<Unit filename="include/Category.hpp" />
		<Unit filename="include/Command.hpp" />
		<Unit filename="include/CommandQueue.h" />
		<Unit filename="include/DataTables.hpp" />
		<Unit filename="include/Entity.h" />
		<Unit filename="include/GameState.h" />
		<Unit filename="include/MenuState.h" />
		<Unit filename="include/MusicPlayer.h" />
		<Unit filename="include/PauseState.h" />
		<Unit filename="include/Pickup.h" />
		<Unit filename="include/Player.h" />
		<Unit filename="include/Projectile.h" />
		<Unit filename="include/ResourceHolder.hpp" />
		<Unit filename="include/ResourceIdentifiers.hpp" />
		<Unit filename="include/SceneNode.h" />
		<Unit filename="include/ShaderNode.h" />
		<Unit filename="include/SoundNode.h" />
		<Unit filename="include/SoundPlayer.h" />
		<Unit filename="include/SpriteNode.h" />
		<Unit filename="include/State.h" />
		<Unit filename="include/StateIdentifiers.hpp" />
		<Unit filename="include/StateStack.h" />
		<Unit filename="include/TextNode.h" />
		<Unit filename="include/TitleState.h" />
		<Unit filename="include/World.h" />
		<Unit filename="include/utils.hpp" />
		<Unit filename="src/Aircraft.cpp" />
		<Unit filename="src/Application.cpp" />
		<Unit filename="src/Command.cpp" />
		<Unit filename="src/CommandQueue.cpp" />
		<Unit filename="src/DataTables.cpp" />
		<Unit filename="src/Entity.cpp" />
		<Unit filename="src/GameState.cpp" />
		<Unit filename="src/Main.cpp" />
		<Unit filename="src/MenuState.cpp" />
		<Unit filename="src/MusicPlayer.cpp" />
		<Unit filename="src/PauseState.cpp" />
		<Unit filename="src/Pickup.cpp" />
		<Unit filename="src/Player.cpp" />
		<Unit filename="src/Projectile.cpp" />
		<Unit filename="src/ResourceHolder.inl" />
		<Unit filename="src/SceneNode.cpp" />
		<Unit filename="src/ShaderNode.cpp" />
		<Unit filename="src/SoundNode.cpp" />
		<Unit filename="src/SoundPlayer.cpp" />
		<Unit filename="src/SpriteNode.cpp" />
		<Unit filename="src/State.cpp" />
		<Unit filename="src/StateStack.cpp" />
		<Unit filename="src/TextNode.cpp" />
		<Unit filename="src/TitleState.cpp" />
		<Unit filename="src/World.cpp" />
		<Unit filename="src/utils.cpp" />
		<Unit filename="src/utils.inl" />
		<Extensions>
			<code_completion />
			<debugger />
		</Extensions>
	</Project>
</CodeBlocks_project_file>
